
Microsoft Visual Studio Solution File, Format Version 12.00
# Visual Studio Version 16
VisualStudioVersion = 16.0.31205.134
MinimumVisualStudioVersion = 10.0.40219.1
Project("{FAE04EC0-301F-11D3-BF4B-00C04F79EFBC}") = "CatalogoDeGames", "CatalogoDeGames\CatalogoDeGames.csproj", "{E4AB0697-0594-4800-96A9-6DD45D34FA0A}"
EndProject
Global
	GlobalSection(SolutionConfigurationPlatforms) = preSolution
		Debug|Any CPU = Debug|Any CPU
		Release|Any CPU = Release|Any CPU
	EndGlobalSection
	GlobalSection(ProjectConfigurationPlatforms) = postSolution
		{E4AB0697-0594-4800-96A9-6DD45D34FA0A}.Debug|Any CPU.ActiveCfg = Debug|Any CPU
		{E4AB0697-0594-4800-96A9-6DD45D34FA0A}.Debug|Any CPU.Build.0 = Debug|Any CPU
		{E4AB0697-0594-4800-96A9-6DD45D34FA0A}.Release|Any CPU.ActiveCfg = Release|Any CPU
		{E4AB0697-0594-4800-96A9-6DD45D34FA0A}.Release|Any CPU.Build.0 = Release|Any CPU
	EndGlobalSection
	GlobalSection(SolutionProperties) = preSolution
		HideSolutionNode = FALSE
	EndGlobalSection
	GlobalSection(ExtensibilityGlobals) = postSolution
		SolutionGuid = {8DA58ACC-CDBB-493D-B61C-036EA064A0D3}
	EndGlobalSection
EndGlobal
